# This file is automatically @generated by Cargo.
# It is not intended for manual editing.
[[package]]
name = "addr2line"
version = "0.14.1"
source = "registry+https://github.com/rust-lang/crates.io-index"
checksum = "a55f82cfe485775d02112886f4169bde0c5894d75e79ead7eafe7e40a25e45f7"
dependencies = [
 "gimli",
]

[[package]]
name = "adler"
version = "0.2.3"
source = "registry+https://github.com/rust-lang/crates.io-index"
checksum = "ee2a4ec343196209d6594e19543ae87a39f96d5534d7174822a3ad825dd6ed7e"

[[package]]
name = "autocfg"
version = "1.0.1"
source = "registry+https://github.com/rust-lang/crates.io-index"
checksum = "cdb031dd78e28731d87d56cc8ffef4a8f36ca26c38fe2de700543e627f8a464a"

[[package]]
name = "backtrace"
version = "0.3.55"
source = "registry+https://github.com/rust-lang/crates.io-index"
checksum = "ef5140344c85b01f9bbb4d4b7288a8aa4b3287ccef913a14bcc78a1063623598"
dependencies = [
 "addr2line",
 "cfg-if 1.0.0",
 "libc",
 "miniz_oxide",
 "object",
 "rustc-demangle",
]

[[package]]
name = "bitflags"
version = "1.2.1"
source = "registry+https://github.com/rust-lang/crates.io-index"
checksum = "cf1de2fe8c75bc145a2f577add951f8134889b4795d47466a54a5c846d691693"

[[package]]
name = "byteorder"
version = "1.3.4"
source = "registry+https://github.com/rust-lang/crates.io-index"
checksum = "08c48aae112d48ed9f069b33538ea9e3e90aa263cfa3d1c24309612b1f7472de"

[[package]]
name = "bytes"
version = "0.4.12"
source = "registry+https://github.com/rust-lang/crates.io-index"
checksum = "206fdffcfa2df7cbe15601ef46c813fce0965eb3286db6b56c583b814b51c81c"
dependencies = [
 "byteorder",
 "iovec",
]

[[package]]
name = "cc"
version = "1.0.66"
source = "registry+https://github.com/rust-lang/crates.io-index"
checksum = "4c0496836a84f8d0495758516b8621a622beb77c0fed418570e50764093ced48"

[[package]]
name = "cfg-if"
version = "0.1.10"
source = "registry+https://github.com/rust-lang/crates.io-index"
checksum = "4785bdd1c96b2a846b2bd7cc02e86b6b3dbf14e7e53446c4f54c92a361040822"

[[package]]
name = "cfg-if"
version = "1.0.0"
source = "registry+https://github.com/rust-lang/crates.io-index"
checksum = "baf1de4339761588bc0619e3cbc0120ee582ebb74b53b4efbf79117bd2da40fd"

[[package]]
name = "enum_primitive"
version = "0.1.1"
source = "registry+https://github.com/rust-lang/crates.io-index"
checksum = "be4551092f4d519593039259a9ed8daedf0da12e5109c5280338073eaeb81180"
dependencies = [
 "num-traits 0.1.43",
]

[[package]]
name = "failure"
version = "0.1.8"
source = "registry+https://github.com/rust-lang/crates.io-index"
checksum = "d32e9bd16cc02eae7db7ef620b392808b89f6a5e16bb3497d159c6b92a0f4f86"
dependencies = [
 "backtrace",
 "failure_derive",
]

[[package]]
name = "failure_derive"
version = "0.1.8"
source = "registry+https://github.com/rust-lang/crates.io-index"
checksum = "aa4da3c766cd7a0db8242e326e9e4e081edd567072893ed320008189715366a4"
dependencies = [
 "proc-macro2",
 "quote",
 "syn",
 "synstructure",
]

[[package]]
name = "fuchsia-cprng"
version = "0.1.1"
source = "registry+https://github.com/rust-lang/crates.io-index"
checksum = "a06f77d526c1a601b7c4cdd98f54b5eaabffc14d5f2f0296febdc7f357c6d3ba"

[[package]]
name = "gimli"
version = "0.23.0"
source = "registry+https://github.com/rust-lang/crates.io-index"
checksum = "f6503fe142514ca4799d4c26297c4248239fe8838d827db6bd6065c6ed29a6ce"

[[package]]
name = "iovec"
version = "0.1.4"
source = "registry+https://github.com/rust-lang/crates.io-index"
checksum = "b2b3ea6ff95e175473f8ffe6a7eb7c00d054240321b84c57051175fe3c1e075e"
dependencies = [
 "libc",
]

[[package]]
name = "libc"
version = "0.2.81"
source = "registry+https://github.com/rust-lang/crates.io-index"
checksum = "1482821306169ec4d07f6aca392a4681f66c75c9918aa49641a2595db64053cb"

[[package]]
name = "log"
version = "0.3.9"
source = "registry+https://github.com/rust-lang/crates.io-index"
checksum = "e19e8d5c34a3e0e2223db8e060f9e8264aeeb5c5fc64a4ee9965c062211c024b"
dependencies = [
 "log 0.4.11",
]

[[package]]
name = "log"
version = "0.4.11"
source = "registry+https://github.com/rust-lang/crates.io-index"
checksum = "4fabed175da42fed1fa0746b0ea71f412aa9d35e76e95e59b192c64b9dc2bf8b"
dependencies = [
 "cfg-if 0.1.10",
]

[[package]]
name = "memchr"
version = "2.3.4"
source = "registry+https://github.com/rust-lang/crates.io-index"
checksum = "0ee1c47aaa256ecabcaea351eae4a9b01ef39ed810004e298d2511ed284b1525"

[[package]]
name = "miniz_oxide"
version = "0.4.3"
source = "registry+https://github.com/rust-lang/crates.io-index"
checksum = "0f2d26ec3309788e423cfbf68ad1800f061638098d76a83681af979dc4eda19d"
dependencies = [
 "adler",
 "autocfg",
]

[[package]]
name = "nix"
version = "0.12.1"
source = "registry+https://github.com/rust-lang/crates.io-index"
checksum = "319fffb13b63c0f4ff5a4e1c97566e7e741561ff5d03bf8bbf11653454bbd70b"
dependencies = [
 "bitflags",
 "cc",
 "cfg-if 0.1.10",
 "libc",
 "void",
]

[[package]]
name = "nom"
version = "4.2.3"
source = "registry+https://github.com/rust-lang/crates.io-index"
checksum = "2ad2a91a8e869eeb30b9cb3119ae87773a8f4ae617f41b1eb9c154b2905f7bd6"
dependencies = [
 "memchr",
 "version_check",
]

[[package]]
name = "num"
version = "0.1.42"
source = "registry+https://github.com/rust-lang/crates.io-index"
checksum = "4703ad64153382334aa8db57c637364c322d3372e097840c72000dabdcf6156e"
dependencies = [
 "num-bigint",
 "num-complex",
 "num-integer",
 "num-iter",
 "num-rational",
 "num-traits 0.2.14",
]

[[package]]
name = "num-bigint"
version = "0.1.44"
source = "registry+https://github.com/rust-lang/crates.io-index"
checksum = "e63899ad0da84ce718c14936262a41cee2c79c981fc0a0e7c7beb47d5a07e8c1"
dependencies = [
 "num-integer",
 "num-traits 0.2.14",
 "rand",
 "rustc-serialize",
]

[[package]]
name = "num-complex"
version = "0.1.43"
source = "registry+https://github.com/rust-lang/crates.io-index"
checksum = "b288631d7878aaf59442cffd36910ea604ecd7745c36054328595114001c9656"
dependencies = [
 "num-traits 0.2.14",
 "rustc-serialize",
]

[[package]]
name = "num-integer"
version = "0.1.44"
source = "registry+https://github.com/rust-lang/crates.io-index"
checksum = "d2cc698a63b549a70bc047073d2949cce27cd1c7b0a4a862d08a8031bc2801db"
dependencies = [
 "autocfg",
 "num-traits 0.2.14",
]

[[package]]
name = "num-iter"
version = "0.1.42"
source = "registry+https://github.com/rust-lang/crates.io-index"
checksum = "b2021c8337a54d21aca0d59a92577a029af9431cb59b909b03252b9c164fad59"
dependencies = [
 "autocfg",
 "num-integer",
 "num-traits 0.2.14",
]

[[package]]
name = "num-rational"
version = "0.1.42"
source = "registry+https://github.com/rust-lang/crates.io-index"
checksum = "ee314c74bd753fc86b4780aa9475da469155f3848473a261d2d18e35245a784e"
dependencies = [
 "num-bigint",
 "num-integer",
 "num-traits 0.2.14",
 "rustc-serialize",
]

[[package]]
name = "num-traits"
version = "0.1.43"
source = "registry+https://github.com/rust-lang/crates.io-index"
checksum = "92e5113e9fd4cc14ded8e499429f396a20f98c772a47cc8622a736e1ec843c31"
dependencies = [
 "num-traits 0.2.14",
]

[[package]]
name = "num-traits"
version = "0.2.14"
source = "registry+https://github.com/rust-lang/crates.io-index"
checksum = "9a64b1ec5cda2586e284722486d802acf1f7dbdc623e2bfc57e65ca1cd099290"
dependencies = [
 "autocfg",
]

[[package]]
name = "object"
version = "0.22.0"
source = "registry+https://github.com/rust-lang/crates.io-index"
checksum = "8d3b63360ec3cb337817c2dbd47ab4a0f170d285d8e5a2064600f3def1402397"

[[package]]
name = "proc-macro2"
version = "1.0.24"
source = "registry+https://github.com/rust-lang/crates.io-index"
checksum = "1e0704ee1a7e00d7bb417d0770ea303c1bccbabf0ef1667dae92b5967f5f8a71"
dependencies = [
 "unicode-xid",
]

[[package]]
name = "quote"
version = "1.0.8"
source = "registry+https://github.com/rust-lang/crates.io-index"
checksum = "991431c3519a3f36861882da93630ce66b52918dcf1b8e2fd66b397fc96f28df"
dependencies = [
 "proc-macro2",
]

[[package]]
name = "rand"
version = "0.4.6"
source = "registry+https://github.com/rust-lang/crates.io-index"
checksum = "552840b97013b1a26992c11eac34bdd778e464601a4c2054b5f0bff7c6761293"
dependencies = [
 "fuchsia-cprng",
 "libc",
 "rand_core 0.3.1",
 "rdrand",
 "winapi",
]

[[package]]
name = "rand_core"
version = "0.3.1"
source = "registry+https://github.com/rust-lang/crates.io-index"
checksum = "7a6fdeb83b075e8266dcc8762c22776f6877a63111121f5f8c7411e5be7eed4b"
dependencies = [
 "rand_core 0.4.2",
]

[[package]]
name = "rand_core"
version = "0.4.2"
source = "registry+https://github.com/rust-lang/crates.io-index"
checksum = "9c33a3c44ca05fa6f1807d8e6743f3824e8509beca625669633be0acbdf509dc"

[[package]]
name = "rdrand"
version = "0.4.0"
source = "registry+https://github.com/rust-lang/crates.io-index"
checksum = "678054eb77286b51581ba43620cc911abf02758c91f93f479767aed0f90458b2"
dependencies = [
 "rand_core 0.3.1",
]

[[package]]
name = "rumble"
version = "0.3.0"
source = "registry+https://github.com/rust-lang/crates.io-index"
checksum = "04b88ab0d55dd44d2a7f8d4ad4dc5adcdf2240fcc59198a8fd1b460faa9c0a48"
dependencies = [
 "backtrace",
 "bitflags",
 "bytes",
 "enum_primitive",
 "failure",
 "failure_derive",
 "libc",
 "log 0.3.9",
 "nix",
 "nom",
 "num",
]

[[package]]
name = "rustc-demangle"
version = "0.1.18"
source = "registry+https://github.com/rust-lang/crates.io-index"
checksum = "6e3bad0ee36814ca07d7968269dd4b7ec89ec2da10c4bb613928d3077083c232"

[[package]]
name = "rustc-serialize"
version = "0.3.24"
source = "registry+https://github.com/rust-lang/crates.io-index"
checksum = "dcf128d1287d2ea9d80910b5f1120d0b8eede3fbf1abe91c40d39ea7d51e6fda"

[[package]]
name = "switchbot-rs"
version = "0.1.0"
dependencies = [
 "rumble",
]

[[package]]
name = "syn"
version = "1.0.57"
source = "registry+https://github.com/rust-lang/crates.io-index"
checksum = "4211ce9909eb971f111059df92c45640aad50a619cf55cd76476be803c4c68e6"
dependencies = [
 "proc-macro2",
 "quote",
 "unicode-xid",
]

[[package]]
name = "synstructure"
version = "0.12.4"
source = "registry+https://github.com/rust-lang/crates.io-index"
checksum = "b834f2d66f734cb897113e34aaff2f1ab4719ca946f9a7358dba8f8064148701"
dependencies = [
 "proc-macro2",
 "quote",
 "syn",
 "unicode-xid",
]

[[package]]
name = "unicode-xid"
version = "0.2.1"
source = "registry+https://github.com/rust-lang/crates.io-index"
checksum = "f7fe0bb3479651439c9112f72b6c505038574c9fbb575ed1bf3b797fa39dd564"

[[package]]
name = "version_check"
version = "0.1.5"
source = "registry+https://github.com/rust-lang/crates.io-index"
checksum = "914b1a6776c4c929a602fafd8bc742e06365d4bcbe48c30f9cca5824f70dc9dd"

[[package]]
name = "void"
version = "1.0.2"
source = "registry+https://github.com/rust-lang/crates.io-index"
checksum = "6a02e4885ed3bc0f2de90ea6dd45ebcbb66dacffe03547fadbb0eeae2770887d"

[[package]]
name = "winapi"
version = "0.3.9"
source = "registry+https://github.com/rust-lang/crates.io-index"
checksum = "5c839a674fcd7a98952e593242ea400abe93992746761e38641405d28b00f419"
dependencies = [
 "winapi-i686-pc-windows-gnu",
 "winapi-x86_64-pc-windows-gnu",
]

[[package]]
name = "winapi-i686-pc-windows-gnu"
version = "0.4.0"
source = "registry+https://github.com/rust-lang/crates.io-index"
checksum = "ac3b87c63620426dd9b991e5ce0329eff545bccbbb34f3be09ff6fb6ab51b7b6"

[[package]]
name = "winapi-x86_64-pc-windows-gnu"
version = "0.4.0"
source = "registry+https://github.com/rust-lang/crates.io-index"
checksum = "712e227841d057c1ee1cd2fb22fa7e5a5461ae8e48fa2ca79ec42cfc1931183f"
